
Microsoft Visual Studio Solution File, Format Version 12.00
# Visual Studio Version 16
VisualStudioVersion = 16.0.33927.289
MinimumVisualStudioVersion = 10.0.40219.1
Project("{FAE04EC0-301F-11D3-BF4B-00C04F79EFBC}") = "laba1", "laba1\laba1.csproj", "{ACDC8CCD-A587-4BCB-A25B-D14568D06B94}"
EndProject
Global
	GlobalSection(SolutionConfigurationPlatforms) = preSolution
		Debug|Any CPU = Debug|Any CPU
		Release|Any CPU = Release|Any CPU
	EndGlobalSection
	GlobalSection(ProjectConfigurationPlatforms) = postSolution
		{ACDC8CCD-A587-4BCB-A25B-D14568D06B94}.Debug|Any CPU.ActiveCfg = Debug|Any CPU
		{ACDC8CCD-A587-4BCB-A25B-D14568D06B94}.Debug|Any CPU.Build.0 = Debug|Any CPU
		{ACDC8CCD-A587-4BCB-A25B-D14568D06B94}.Release|Any CPU.ActiveCfg = Release|Any CPU
		{ACDC8CCD-A587-4BCB-A25B-D14568D06B94}.Release|Any CPU.Build.0 = Release|Any CPU
	EndGlobalSection
	GlobalSection(SolutionProperties) = preSolution
		HideSolutionNode = FALSE
	EndGlobalSection
	GlobalSection(ExtensibilityGlobals) = postSolution
		SolutionGuid = {69774829-67D6-492B-8ED5-EF2756096E10}
	EndGlobalSection
EndGlobal
